// !$*UTF8*$!
{
	archiveVersion = 1;
	classes = {
	};
	objectVersion = 52;
	objects = {

/* Begin PBXAggregateTarget section */
		A48B64E72478E6320072BF44 /* HandySwiftUI.xcframework */ = {
			isa = PBXAggregateTarget;
			buildConfigurationList = A48B64E82478E6320072BF44 /* Build configuration list for PBXAggregateTarget "HandySwiftUI.xcframework" */;
			buildPhases = (
				A48B64EB2478E6550072BF44 /* ShellScript */,
			);
			dependencies = (
			);
			name = HandySwiftUI.xcframework;
			productName = HandySwiftUI.xcframework;
		};
/* End PBXAggregateTarget section */

/* Begin PBXBuildFile section */
		A428378E2479404A00D5B017 /* NavigationLinkModifier.swift in Sources */ = {isa = PBXBuildFile; fileRef = A428378D2479404A00D5B017 /* NavigationLinkModifier.swift */; };
		A428378F2479404A00D5B017 /* NavigationLinkModifier.swift in Sources */ = {isa = PBXBuildFile; fileRef = A428378D2479404A00D5B017 /* NavigationLinkModifier.swift */; };
		A42837902479404A00D5B017 /* NavigationLinkModifier.swift in Sources */ = {isa = PBXBuildFile; fileRef = A428378D2479404A00D5B017 /* NavigationLinkModifier.swift */; };
		A42837922479430E00D5B017 /* LazyView.swift in Sources */ = {isa = PBXBuildFile; fileRef = A42837912479430E00D5B017 /* LazyView.swift */; };
		A42837932479430E00D5B017 /* LazyView.swift in Sources */ = {isa = PBXBuildFile; fileRef = A42837912479430E00D5B017 /* LazyView.swift */; };
		A42837942479430E00D5B017 /* LazyView.swift in Sources */ = {isa = PBXBuildFile; fileRef = A42837912479430E00D5B017 /* LazyView.swift */; };
		A45D2D5724826DE700C521B0 /* VGrid.swift in Sources */ = {isa = PBXBuildFile; fileRef = A45D2D5624826DE700C521B0 /* VGrid.swift */; };
		A45D2D5824826DE700C521B0 /* VGrid.swift in Sources */ = {isa = PBXBuildFile; fileRef = A45D2D5624826DE700C521B0 /* VGrid.swift */; };
		A45D2D5924826DE700C521B0 /* VGrid.swift in Sources */ = {isa = PBXBuildFile; fileRef = A45D2D5624826DE700C521B0 /* VGrid.swift */; };
		A45D2D702482741C00C521B0 /* ActivityIndicator.swift in Sources */ = {isa = PBXBuildFile; fileRef = A45D2D5A24826EF900C521B0 /* ActivityIndicator.swift */; };
		A45D2D712482741D00C521B0 /* ActivityIndicator.swift in Sources */ = {isa = PBXBuildFile; fileRef = A45D2D5A24826EF900C521B0 /* ActivityIndicator.swift */; };
		A45D2D722482741D00C521B0 /* ActivityIndicator.swift in Sources */ = {isa = PBXBuildFile; fileRef = A45D2D5A24826EF900C521B0 /* ActivityIndicator.swift */; };
		A467551B247D0758006D0DF0 /* PageView.swift in Sources */ = {isa = PBXBuildFile; fileRef = A467551A247D0758006D0DF0 /* PageView.swift */; };
		A467551C247D0758006D0DF0 /* PageView.swift in Sources */ = {isa = PBXBuildFile; fileRef = A467551A247D0758006D0DF0 /* PageView.swift */; };
		A48B652924790BEE0072BF44 /* HandySwiftUI.h in Headers */ = {isa = PBXBuildFile; fileRef = A48B652724790BEE0072BF44 /* HandySwiftUI.h */; settings = {ATTRIBUTES = (Public, ); }; };
		A4AB329E247D185700885127 /* View+.swift in Sources */ = {isa = PBXBuildFile; fileRef = A4AB329D247D185700885127 /* View+.swift */; };
		A4AB329F247D185700885127 /* View+.swift in Sources */ = {isa = PBXBuildFile; fileRef = A4AB329D247D185700885127 /* View+.swift */; };
		A4AB32A0247D185700885127 /* View+.swift in Sources */ = {isa = PBXBuildFile; fileRef = A4AB329D247D185700885127 /* View+.swift */; };
		A4B34C11247B52D100E0B7E8 /* CustomToggleStyle.swift in Sources */ = {isa = PBXBuildFile; fileRef = A4B34C10247B52D100E0B7E8 /* CustomToggleStyle.swift */; };
		A4B34C12247B52D100E0B7E8 /* CustomToggleStyle.swift in Sources */ = {isa = PBXBuildFile; fileRef = A4B34C10247B52D100E0B7E8 /* CustomToggleStyle.swift */; };
		A4E43D8324790C640053416C /* HGrid.swift in Sources */ = {isa = PBXBuildFile; fileRef = A4E43D8224790C630053416C /* HGrid.swift */; };
		A4E43D9B247911EC0053416C /* HandySwiftUI_watchOS.h in Headers */ = {isa = PBXBuildFile; fileRef = A4E43D99247911EC0053416C /* HandySwiftUI_watchOS.h */; settings = {ATTRIBUTES = (Public, ); }; };
		A4E43D9F247912130053416C /* HGrid.swift in Sources */ = {isa = PBXBuildFile; fileRef = A4E43D8224790C630053416C /* HGrid.swift */; };
		A4E43DA9247913D80053416C /* HandySwiftUI_tvOS.h in Headers */ = {isa = PBXBuildFile; fileRef = A4E43DA7247913D80053416C /* HandySwiftUI_tvOS.h */; settings = {ATTRIBUTES = (Public, ); }; };
		A4E43DAD247914080053416C /* HGrid.swift in Sources */ = {isa = PBXBuildFile; fileRef = A4E43D8224790C630053416C /* HGrid.swift */; };
/* End PBXBuildFile section */

/* Begin PBXFileReference section */
		A428378D2479404A00D5B017 /* NavigationLinkModifier.swift */ = {isa = PBXFileReference; lastKnownFileType = sourcecode.swift; path = NavigationLinkModifier.swift; sourceTree = "<group>"; };
		A42837912479430E00D5B017 /* LazyView.swift */ = {isa = PBXFileReference; lastKnownFileType = sourcecode.swift; path = LazyView.swift; sourceTree = "<group>"; };
		A45D2D5624826DE700C521B0 /* VGrid.swift */ = {isa = PBXFileReference; fileEncoding = 4; lastKnownFileType = sourcecode.swift; path = VGrid.swift; sourceTree = "<group>"; };
		A45D2D5A24826EF900C521B0 /* ActivityIndicator.swift */ = {isa = PBXFileReference; lastKnownFileType = sourcecode.swift; path = ActivityIndicator.swift; sourceTree = "<group>"; };
		A467551A247D0758006D0DF0 /* PageView.swift */ = {isa = PBXFileReference; lastKnownFileType = sourcecode.swift; path = PageView.swift; sourceTree = "<group>"; };
		A48B652524790BEE0072BF44 /* HandySwiftUI.framework */ = {isa = PBXFileReference; explicitFileType = wrapper.framework; includeInIndex = 0; path = HandySwiftUI.framework; sourceTree = BUILT_PRODUCTS_DIR; };
		A48B652724790BEE0072BF44 /* HandySwiftUI.h */ = {isa = PBXFileReference; lastKnownFileType = sourcecode.c.h; path = HandySwiftUI.h; sourceTree = "<group>"; };
		A48B652824790BEE0072BF44 /* Info.plist */ = {isa = PBXFileReference; lastKnownFileType = text.plist.xml; path = Info.plist; sourceTree = "<group>"; };
		A4AB329D247D185700885127 /* View+.swift */ = {isa = PBXFileReference; lastKnownFileType = sourcecode.swift; path = "View+.swift"; sourceTree = "<group>"; };
		A4B34C10247B52D100E0B7E8 /* CustomToggleStyle.swift */ = {isa = PBXFileReference; lastKnownFileType = sourcecode.swift; path = CustomToggleStyle.swift; sourceTree = "<group>"; };
		A4E43D8224790C630053416C /* HGrid.swift */ = {isa = PBXFileReference; fileEncoding = 4; lastKnownFileType = sourcecode.swift; path = HGrid.swift; sourceTree = "<group>"; };
		A4E43D97247911EC0053416C /* HandySwiftUI.framework */ = {isa = PBXFileReference; explicitFileType = wrapper.framework; includeInIndex = 0; path = HandySwiftUI.framework; sourceTree = BUILT_PRODUCTS_DIR; };
		A4E43D99247911EC0053416C /* HandySwiftUI_watchOS.h */ = {isa = PBXFileReference; lastKnownFileType = sourcecode.c.h; path = HandySwiftUI_watchOS.h; sourceTree = "<group>"; };
		A4E43D9A247911EC0053416C /* Info.plist */ = {isa = PBXFileReference; lastKnownFileType = text.plist.xml; path = Info.plist; sourceTree = "<group>"; };
		A4E43DA5247913D80053416C /* HandySwiftUI.framework */ = {isa = PBXFileReference; explicitFileType = wrapper.framework; includeInIndex = 0; path = HandySwiftUI.framework; sourceTree = BUILT_PRODUCTS_DIR; };
		A4E43DA7247913D80053416C /* HandySwiftUI_tvOS.h */ = {isa = PBXFileReference; lastKnownFileType = sourcecode.c.h; path = HandySwiftUI_tvOS.h; sourceTree = "<group>"; };
		A4E43DA8247913D80053416C /* Info.plist */ = {isa = PBXFileReference; lastKnownFileType = text.plist.xml; path = Info.plist; sourceTree = "<group>"; };
/* End PBXFileReference section */

/* Begin PBXFrameworksBuildPhase section */
		A48B652224790BEE0072BF44 /* Frameworks */ = {
			isa = PBXFrameworksBuildPhase;
			buildActionMask = 2147483647;
			files = (
			);
			runOnlyForDeploymentPostprocessing = 0;
		};
		A4E43D94247911EC0053416C /* Frameworks */ = {
			isa = PBXFrameworksBuildPhase;
			buildActionMask = 2147483647;
			files = (
			);
			runOnlyForDeploymentPostprocessing = 0;
		};
		A4E43DA2247913D80053416C /* Frameworks */ = {
			isa = PBXFrameworksBuildPhase;
			buildActionMask = 2147483647;
			files = (
			);
			runOnlyForDeploymentPostprocessing = 0;
		};
/* End PBXFrameworksBuildPhase section */

/* Begin PBXGroup section */
		A43C30922478DE5000EE8F88 = {
			isa = PBXGroup;
			children = (
				A486D21D248251D900CAD177 /* Sources */,
				A48B652624790BEE0072BF44 /* HandySwiftUI */,
				A4E43D98247911EC0053416C /* HandySwiftUI.watchOS */,
				A4E43DA6247913D80053416C /* HandySwiftUI.tvOS */,
				A43C309D2478DE5000EE8F88 /* Products */,
			);
			sourceTree = "<group>";
		};
		A43C309D2478DE5000EE8F88 /* Products */ = {
			isa = PBXGroup;
			children = (
				A48B652524790BEE0072BF44 /* HandySwiftUI.framework */,
				A4E43D97247911EC0053416C /* HandySwiftUI.framework */,
				A4E43DA5247913D80053416C /* HandySwiftUI.framework */,
			);
			name = Products;
			sourceTree = "<group>";
		};
		A486D21D248251D900CAD177 /* Sources */ = {
			isa = PBXGroup;
			children = (
				A486D21E248251D900CAD177 /* HandySwiftUI */,
			);
			path = Sources;
			sourceTree = "<group>";
		};
		A486D21E248251D900CAD177 /* HandySwiftUI */ = {
			isa = PBXGroup;
			children = (
				A45D2D5624826DE700C521B0 /* VGrid.swift */,
				A4E43D8224790C630053416C /* HGrid.swift */,
				A428378D2479404A00D5B017 /* NavigationLinkModifier.swift */,
				A42837912479430E00D5B017 /* LazyView.swift */,
				A4B34C10247B52D100E0B7E8 /* CustomToggleStyle.swift */,
				A467551A247D0758006D0DF0 /* PageView.swift */,
				A4AB329D247D185700885127 /* View+.swift */,
				A45D2D5A24826EF900C521B0 /* ActivityIndicator.swift */,
			);
			path = HandySwiftUI;
			sourceTree = "<group>";
		};
		A48B652624790BEE0072BF44 /* HandySwiftUI */ = {
			isa = PBXGroup;
			children = (
				A48B652724790BEE0072BF44 /* HandySwiftUI.h */,
				A48B652824790BEE0072BF44 /* Info.plist */,
			);
			path = HandySwiftUI;
			sourceTree = "<group>";
		};
		A4E43D98247911EC0053416C /* HandySwiftUI.watchOS */ = {
			isa = PBXGroup;
			children = (
				A4E43D99247911EC0053416C /* HandySwiftUI_watchOS.h */,
				A4E43D9A247911EC0053416C /* Info.plist */,
			);
			path = HandySwiftUI.watchOS;
			sourceTree = "<group>";
		};
		A4E43DA6247913D80053416C /* HandySwiftUI.tvOS */ = {
			isa = PBXGroup;
			children = (
				A4E43DA7247913D80053416C /* HandySwiftUI_tvOS.h */,
				A4E43DA8247913D80053416C /* Info.plist */,
			);
			path = HandySwiftUI.tvOS;
			sourceTree = "<group>";
		};
/* End PBXGroup section */

/* Begin PBXHeadersBuildPhase section */
		A48B652024790BEE0072BF44 /* Headers */ = {
			isa = PBXHeadersBuildPhase;
			buildActionMask = 2147483647;
			files = (
				A48B652924790BEE0072BF44 /* HandySwiftUI.h in Headers */,
			);
			runOnlyForDeploymentPostprocessing = 0;
		};
		A4E43D92247911EC0053416C /* Headers */ = {
			isa = PBXHeadersBuildPhase;
			buildActionMask = 2147483647;
			files = (
				A4E43D9B247911EC0053416C /* HandySwiftUI_watchOS.h in Headers */,
			);
			runOnlyForDeploymentPostprocessing = 0;
		};
		A4E43DA0247913D80053416C /* Headers */ = {
			isa = PBXHeadersBuildPhase;
			buildActionMask = 2147483647;
			files = (
				A4E43DA9247913D80053416C /* HandySwiftUI_tvOS.h in Headers */,
			);
			runOnlyForDeploymentPostprocessing = 0;
		};
/* End PBXHeadersBuildPhase section */

/* Begin PBXNativeTarget section */
		A48B652424790BEE0072BF44 /* HandySwiftUI */ = {
			isa = PBXNativeTarget;
			buildConfigurationList = A48B652A24790BEE0072BF44 /* Build configuration list for PBXNativeTarget "HandySwiftUI" */;
			buildPhases = (
				A48B652024790BEE0072BF44 /* Headers */,
				A48B652124790BEE0072BF44 /* Sources */,
				A48B652224790BEE0072BF44 /* Frameworks */,
				A48B652324790BEE0072BF44 /* Resources */,
			);
			buildRules = (
			);
			dependencies = (
			);
			name = HandySwiftUI;
			productName = HandySwiftUI;
			productReference = A48B652524790BEE0072BF44 /* HandySwiftUI.framework */;
			productType = "com.apple.product-type.framework";
		};
		A4E43D96247911EC0053416C /* HandySwiftUI.watchOS */ = {
			isa = PBXNativeTarget;
			buildConfigurationList = A4E43D9C247911EC0053416C /* Build configuration list for PBXNativeTarget "HandySwiftUI.watchOS" */;
			buildPhases = (
				A4E43D92247911EC0053416C /* Headers */,
				A4E43D93247911EC0053416C /* Sources */,
				A4E43D94247911EC0053416C /* Frameworks */,
				A4E43D95247911EC0053416C /* Resources */,
			);
			buildRules = (
			);
			dependencies = (
			);
			name = HandySwiftUI.watchOS;
			productName = HandySwiftUI.watchOS;
			productReference = A4E43D97247911EC0053416C /* HandySwiftUI.framework */;
			productType = "com.apple.product-type.framework";
		};
		A4E43DA4247913D80053416C /* HandySwiftUI.tvOS */ = {
			isa = PBXNativeTarget;
			buildConfigurationList = A4E43DAA247913D80053416C /* Build configuration list for PBXNativeTarget "HandySwiftUI.tvOS" */;
			buildPhases = (
				A4E43DA0247913D80053416C /* Headers */,
				A4E43DA1247913D80053416C /* Sources */,
				A4E43DA2247913D80053416C /* Frameworks */,
				A4E43DA3247913D80053416C /* Resources */,
			);
			buildRules = (
			);
			dependencies = (
			);
			name = HandySwiftUI.tvOS;
			productName = HandySwiftUI.tvOS;
			productReference = A4E43DA5247913D80053416C /* HandySwiftUI.framework */;
			productType = "com.apple.product-type.framework";
		};
/* End PBXNativeTarget section */

/* Begin PBXProject section */
		A43C30932478DE5000EE8F88 /* Project object */ = {
			isa = PBXProject;
			attributes = {
				LastUpgradeCheck = 1140;
				ORGANIZATIONNAME = "Antonio Yip";
				TargetAttributes = {
					A48B64E72478E6320072BF44 = {
						CreatedOnToolsVersion = 11.4;
					};
					A48B652424790BEE0072BF44 = {
						CreatedOnToolsVersion = 11.4;
						LastSwiftMigration = 1140;
					};
					A4E43D96247911EC0053416C = {
						CreatedOnToolsVersion = 11.4;
					};
					A4E43DA4247913D80053416C = {
						CreatedOnToolsVersion = 11.4;
					};
				};
			};
			buildConfigurationList = A43C30962478DE5000EE8F88 /* Build configuration list for PBXProject "HandySwiftUIFramework" */;
			compatibilityVersion = "Xcode 11.0";
			developmentRegion = en;
			hasScannedForEncodings = 0;
			knownRegions = (
				en,
				Base,
			);
			mainGroup = A43C30922478DE5000EE8F88;
			productRefGroup = A43C309D2478DE5000EE8F88 /* Products */;
			projectDirPath = "";
			projectRoot = "";
			targets = (
				A48B64E72478E6320072BF44 /* HandySwiftUI.xcframework */,
				A48B652424790BEE0072BF44 /* HandySwiftUI */,
				A4E43D96247911EC0053416C /* HandySwiftUI.watchOS */,
				A4E43DA4247913D80053416C /* HandySwiftUI.tvOS */,
			);
		};
/* End PBXProject section */

/* Begin PBXResourcesBuildPhase section */
		A48B652324790BEE0072BF44 /* Resources */ = {
			isa = PBXResourcesBuildPhase;
			buildActionMask = 2147483647;
			files = (
			);
			runOnlyForDeploymentPostprocessing = 0;
		};
		A4E43D95247911EC0053416C /* Resources */ = {
			isa = PBXResourcesBuildPhase;
			buildActionMask = 2147483647;
			files = (
			);
			runOnlyForDeploymentPostprocessing = 0;
		};
		A4E43DA3247913D80053416C /* Resources */ = {
			isa = PBXResourcesBuildPhase;
			buildActionMask = 2147483647;
			files = (
			);
			runOnlyForDeploymentPostprocessing = 0;
		};
/* End PBXResourcesBuildPhase section */

/* Begin PBXShellScriptBuildPhase section */
		A48B64EB2478E6550072BF44 /* ShellScript */ = {
			isa = PBXShellScriptBuildPhase;
			buildActionMask = 2147483647;
			files = (
			);
			inputFileListPaths = (
			);
			inputPaths = (
			);
			outputFileListPaths = (
			);
			outputPaths = (
			);
			runOnlyForDeploymentPostprocessing = 0;
			shellPath = /bin/sh;
			shellScript = "rm -rd \"build/HandySwiftUI.xcframework\"\nxcodebuild archive -scheme HandySwiftUI -destination \"generic/platform=iOS\" -archivePath \"$TEMP_DIR/HandySwiftUI.xcarchive\" SKIP_INSTALL=NO\nxcodebuild archive -scheme HandySwiftUI -destination \"generic/platform=iOS\" -archivePath \"$TEMP_DIR/HandySwiftUI.xcarchive\" SKIP_INSTALL=NO\nxcodebuild archive -scheme HandySwiftUI -destination \"platform=macOS\" -archivePath \"$TEMP_DIR/HandySwiftUI.macOS.xcarchive\" SKIP_INSTALL=NO\nxcodebuild archive -scheme HandySwiftUI.watchOS -destination \"generic/platform=watchOS\" -archivePath \"$TEMP_DIR/HandySwiftUI.watchOS.xcarchive\" SKIP_INSTALL=NO\nxcodebuild archive -scheme HandySwiftUI.tvOS -destination \"generic/platform=tvOS\" -archivePath \"$TEMP_DIR/HandySwiftUI.tvOS.xcarchive\" SKIP_INSTALL=NO\nxcodebuild -create-xcframework -framework \"$TEMP_DIR/HandySwiftUI.xcarchive/Products/Library/Frameworks/HandySwiftUI.framework\" -framework \"$TEMP_DIR/HandySwiftUI.watchOS.xcarchive/Products/Library/Frameworks/HandySwiftUI.framework\" -framework \"$TEMP_DIR/HandySwiftUI.tvOS.xcarchive/Products/Library/Frameworks/HandySwiftUI.framework\" -framework \"$TEMP_DIR/HandySwiftUI.macOS.xcarchive/Products/Library/Frameworks/HandySwiftUI.framework\" -output \"build/HandySwiftUI.xcframework\"\n";
		};
/* End PBXShellScriptBuildPhase section */

/* Begin PBXSourcesBuildPhase section */
		A48B652124790BEE0072BF44 /* Sources */ = {
			isa = PBXSourcesBuildPhase;
			buildActionMask = 2147483647;
			files = (
				A45D2D5724826DE700C521B0 /* VGrid.swift in Sources */,
				A467551B247D0758006D0DF0 /* PageView.swift in Sources */,
				A4B34C11247B52D100E0B7E8 /* CustomToggleStyle.swift in Sources */,
				A42837922479430E00D5B017 /* LazyView.swift in Sources */,
				A45D2D702482741C00C521B0 /* ActivityIndicator.swift in Sources */,
				A428378E2479404A00D5B017 /* NavigationLinkModifier.swift in Sources */,
				A4AB329E247D185700885127 /* View+.swift in Sources */,
				A4E43D8324790C640053416C /* HGrid.swift in Sources */,
			);
			runOnlyForDeploymentPostprocessing = 0;
		};
		A4E43D93247911EC0053416C /* Sources */ = {
			isa = PBXSourcesBuildPhase;
			buildActionMask = 2147483647;
			files = (
				A45D2D5824826DE700C521B0 /* VGrid.swift in Sources */,
				A467551C247D0758006D0DF0 /* PageView.swift in Sources */,
				A4B34C12247B52D100E0B7E8 /* CustomToggleStyle.swift in Sources */,
				A42837932479430E00D5B017 /* LazyView.swift in Sources */,
				A45D2D712482741D00C521B0 /* ActivityIndicator.swift in Sources */,
				A428378F2479404A00D5B017 /* NavigationLinkModifier.swift in Sources */,
				A4AB329F247D185700885127 /* View+.swift in Sources */,
				A4E43D9F247912130053416C /* HGrid.swift in Sources */,
			);
			runOnlyForDeploymentPostprocessing = 0;
		};
		A4E43DA1247913D80053416C /* Sources */ = {
			isa = PBXSourcesBuildPhase;
			buildActionMask = 2147483647;
			files = (
				A42837942479430E00D5B017 /* LazyView.swift in Sources */,
				A42837902479404A00D5B017 /* NavigationLinkModifier.swift in Sources */,
				A4AB32A0247D185700885127 /* View+.swift in Sources */,
				A4E43DAD247914080053416C /* HGrid.swift in Sources */,
				A45D2D722482741D00C521B0 /* ActivityIndicator.swift in Sources */,
				A45D2D5924826DE700C521B0 /* VGrid.swift in Sources */,
			);
			runOnlyForDeploymentPostprocessing = 0;
		};
/* End PBXSourcesBuildPhase section */

/* Begin XCBuildConfiguration section */
		A43C30A22478DE5000EE8F88 /* Debug */ = {
			isa = XCBuildConfiguration;
			buildSettings = {
				ALWAYS_SEARCH_USER_PATHS = NO;
				CLANG_ANALYZER_NONNULL = YES;
				CLANG_ANALYZER_NUMBER_OBJECT_CONVERSION = YES_AGGRESSIVE;
				CLANG_CXX_LANGUAGE_STANDARD = "gnu++14";
				CLANG_CXX_LIBRARY = "libc++";
				CLANG_ENABLE_MODULES = NO;
				CLANG_ENABLE_OBJC_ARC = YES;
				CLANG_ENABLE_OBJC_WEAK = YES;
				CLANG_WARN_BLOCK_CAPTURE_AUTORELEASING = YES;
				CLANG_WARN_BOOL_CONVERSION = YES;
				CLANG_WARN_COMMA = YES;
				CLANG_WARN_CONSTANT_CONVERSION = YES;
				CLANG_WARN_DEPRECATED_OBJC_IMPLEMENTATIONS = YES;
				CLANG_WARN_DIRECT_OBJC_ISA_USAGE = YES_ERROR;
				CLANG_WARN_DOCUMENTATION_COMMENTS = YES;
				CLANG_WARN_EMPTY_BODY = YES;
				CLANG_WARN_ENUM_CONVERSION = YES;
				CLANG_WARN_INFINITE_RECURSION = YES;
				CLANG_WARN_INT_CONVERSION = YES;
				CLANG_WARN_NON_LITERAL_NULL_CONVERSION = YES;
				CLANG_WARN_OBJC_IMPLICIT_RETAIN_SELF = YES;
				CLANG_WARN_OBJC_LITERAL_CONVERSION = YES;
				CLANG_WARN_OBJC_ROOT_CLASS = YES_ERROR;
				CLANG_WARN_RANGE_LOOP_ANALYSIS = YES;
				CLANG_WARN_STRICT_PROTOTYPES = YES;
				CLANG_WARN_SUSPICIOUS_MOVE = YES;
				CLANG_WARN_UNGUARDED_AVAILABILITY = YES_AGGRESSIVE;
				CLANG_WARN_UNREACHABLE_CODE = YES;
				CLANG_WARN__DUPLICATE_METHOD_MATCH = YES;
				COPY_PHASE_STRIP = NO;
				CURRENT_PROJECT_VERSION = 1;
				DEBUG_INFORMATION_FORMAT = dwarf;
				ENABLE_STRICT_OBJC_MSGSEND = YES;
				ENABLE_TESTABILITY = YES;
				GCC_C_LANGUAGE_STANDARD = gnu11;
				GCC_DYNAMIC_NO_PIC = NO;
				GCC_NO_COMMON_BLOCKS = YES;
				GCC_OPTIMIZATION_LEVEL = 0;
				GCC_PREPROCESSOR_DEFINITIONS = (
					"DEBUG=1",
					"$(inherited)",
				);
				GCC_WARN_64_TO_32_BIT_CONVERSION = YES;
				GCC_WARN_ABOUT_RETURN_TYPE = YES_ERROR;
				GCC_WARN_UNDECLARED_SELECTOR = YES;
				GCC_WARN_UNINITIALIZED_AUTOS = YES_AGGRESSIVE;
				GCC_WARN_UNUSED_FUNCTION = YES;
				GCC_WARN_UNUSED_VARIABLE = YES;
				IPHONEOS_DEPLOYMENT_TARGET = 13.0;
				MTL_ENABLE_DEBUG_INFO = INCLUDE_SOURCE;
				MTL_FAST_MATH = YES;
				ONLY_ACTIVE_ARCH = YES;
				SDKROOT = iphoneos;
				SWIFT_ACTIVE_COMPILATION_CONDITIONS = DEBUG;
				SWIFT_OPTIMIZATION_LEVEL = "-Onone";
				VERSIONING_SYSTEM = "apple-generic";
				VERSION_INFO_PREFIX = "";
			};
			name = Debug;
		};
		A43C30A32478DE5000EE8F88 /* Release */ = {
			isa = XCBuildConfiguration;
			buildSettings = {
				ALWAYS_SEARCH_USER_PATHS = NO;
				CLANG_ANALYZER_NONNULL = YES;
				CLANG_ANALYZER_NUMBER_OBJECT_CONVERSION = YES_AGGRESSIVE;
				CLANG_CXX_LANGUAGE_STANDARD = "gnu++14";
				CLANG_CXX_LIBRARY = "libc++";
				CLANG_ENABLE_MODULES = NO;
				CLANG_ENABLE_OBJC_ARC = YES;
				CLANG_ENABLE_OBJC_WEAK = YES;
				CLANG_WARN_BLOCK_CAPTURE_AUTORELEASING = YES;
				CLANG_WARN_BOOL_CONVERSION = YES;
				CLANG_WARN_COMMA = YES;
				CLANG_WARN_CONSTANT_CONVERSION = YES;
				CLANG_WARN_DEPRECATED_OBJC_IMPLEMENTATIONS = YES;
				CLANG_WARN_DIRECT_OBJC_ISA_USAGE = YES_ERROR;
				CLANG_WARN_DOCUMENTATION_COMMENTS = YES;
				CLANG_WARN_EMPTY_BODY = YES;
				CLANG_WARN_ENUM_CONVERSION = YES;
				CLANG_WARN_INFINITE_RECURSION = YES;
				CLANG_WARN_INT_CONVERSION = YES;
				CLANG_WARN_NON_LITERAL_NULL_CONVERSION = YES;
				CLANG_WARN_OBJC_IMPLICIT_RETAIN_SELF = YES;
				CLANG_WARN_OBJC_LITERAL_CONVERSION = YES;
				CLANG_WARN_OBJC_ROOT_CLASS = YES_ERROR;
				CLANG_WARN_RANGE_LOOP_ANALYSIS = YES;
				CLANG_WARN_STRICT_PROTOTYPES = YES;
				CLANG_WARN_SUSPICIOUS_MOVE = YES;
				CLANG_WARN_UNGUARDED_AVAILABILITY = YES_AGGRESSIVE;
				CLANG_WARN_UNREACHABLE_CODE = YES;
				CLANG_WARN__DUPLICATE_METHOD_MATCH = YES;
				COPY_PHASE_STRIP = NO;
				CURRENT_PROJECT_VERSION = 1;
				DEBUG_INFORMATION_FORMAT = "dwarf-with-dsym";
				ENABLE_NS_ASSERTIONS = NO;
				ENABLE_STRICT_OBJC_MSGSEND = YES;
				GCC_C_LANGUAGE_STANDARD = gnu11;
				GCC_NO_COMMON_BLOCKS = YES;
				GCC_WARN_64_TO_32_BIT_CONVERSION = YES;
				GCC_WARN_ABOUT_RETURN_TYPE = YES_ERROR;
				GCC_WARN_UNDECLARED_SELECTOR = YES;
				GCC_WARN_UNINITIALIZED_AUTOS = YES_AGGRESSIVE;
				GCC_WARN_UNUSED_FUNCTION = YES;
				GCC_WARN_UNUSED_VARIABLE = YES;
				IPHONEOS_DEPLOYMENT_TARGET = 13.0;
				MTL_ENABLE_DEBUG_INFO = NO;
				MTL_FAST_MATH = YES;
				SDKROOT = iphoneos;
				SWIFT_COMPILATION_MODE = wholemodule;
				SWIFT_OPTIMIZATION_LEVEL = "-O";
				VALIDATE_PRODUCT = YES;
				VERSIONING_SYSTEM = "apple-generic";
				VERSION_INFO_PREFIX = "";
			};
			name = Release;
		};
		A48B64E92478E6320072BF44 /* Debug */ = {
			isa = XCBuildConfiguration;
			buildSettings = {
				CODE_SIGN_STYLE = Automatic;
				DEVELOPMENT_TEAM = 3CWSQGN6ET;
				PRODUCT_NAME = "$(TARGET_NAME)";
			};
			name = Debug;
		};
		A48B64EA2478E6320072BF44 /* Release */ = {
			isa = XCBuildConfiguration;
			buildSettings = {
				CODE_SIGN_STYLE = Automatic;
				DEVELOPMENT_TEAM = 3CWSQGN6ET;
				PRODUCT_NAME = "$(TARGET_NAME)";
			};
			name = Release;
		};
		A48B652B24790BEE0072BF44 /* Debug */ = {
			isa = XCBuildConfiguration;
			buildSettings = {
				BUILD_LIBRARY_FOR_DISTRIBUTION = YES;
				CLANG_ENABLE_MODULES = YES;
				CODE_SIGN_STYLE = Automatic;
				DEFINES_MODULE = YES;
				DEVELOPMENT_TEAM = 3CWSQGN6ET;
				DYLIB_COMPATIBILITY_VERSION = 1;
				DYLIB_CURRENT_VERSION = 1;
				DYLIB_INSTALL_NAME_BASE = "@rpath";
				INFOPLIST_FILE = HandySwiftUI/Info.plist;
				INSTALL_PATH = "$(LOCAL_LIBRARY_DIR)/Frameworks";
				IPHONEOS_DEPLOYMENT_TARGET = 13.0;
				LD_RUNPATH_SEARCH_PATHS = (
					"$(inherited)",
					"@executable_path/Frameworks",
					"@loader_path/Frameworks",
				);
				MARKETING_VERSION = 1.0;
				PRODUCT_BUNDLE_IDENTIFIER = yip.antonio.HandySwiftUI;
				PRODUCT_NAME = "$(TARGET_NAME:c99extidentifier)";
				SKIP_INSTALL = YES;
				SUPPORTS_MACCATALYST = YES;
				SWIFT_OPTIMIZATION_LEVEL = "-Onone";
				SWIFT_VERSION = 5.0;
				TARGETED_DEVICE_FAMILY = "1,2";
			};
			name = Debug;
		};
		A48B652C24790BEE0072BF44 /* Release */ = {
			isa = XCBuildConfiguration;
			buildSettings = {
				BUILD_LIBRARY_FOR_DISTRIBUTION = YES;
				CLANG_ENABLE_MODULES = YES;
				CODE_SIGN_STYLE = Automatic;
				DEFINES_MODULE = YES;
				DEVELOPMENT_TEAM = 3CWSQGN6ET;
				DYLIB_COMPATIBILITY_VERSION = 1;
				DYLIB_CURRENT_VERSION = 1;
				DYLIB_INSTALL_NAME_BASE = "@rpath";
				INFOPLIST_FILE = HandySwiftUI/Info.plist;
				INSTALL_PATH = "$(LOCAL_LIBRARY_DIR)/Frameworks";
				IPHONEOS_DEPLOYMENT_TARGET = 13.0;
				LD_RUNPATH_SEARCH_PATHS = (
					"$(inherited)",
					"@executable_path/Frameworks",
					"@loader_path/Frameworks",
				);
				MARKETING_VERSION = 1.0;
				PRODUCT_BUNDLE_IDENTIFIER = yip.antonio.HandySwiftUI;
				PRODUCT_NAME = "$(TARGET_NAME:c99extidentifier)";
				SKIP_INSTALL = YES;
				SUPPORTS_MACCATALYST = YES;
				SWIFT_VERSION = 5.0;
				TARGETED_DEVICE_FAMILY = "1,2";
			};
			name = Release;
		};
		A4E43D9D247911EC0053416C /* Debug */ = {
			isa = XCBuildConfiguration;
			buildSettings = {
				APPLICATION_EXTENSION_API_ONLY = NO;
				BUILD_LIBRARY_FOR_DISTRIBUTION = YES;
				CLANG_ENABLE_MODULES = YES;
				CODE_SIGN_STYLE = Automatic;
				DEFINES_MODULE = YES;
				DEVELOPMENT_TEAM = 3CWSQGN6ET;
				DYLIB_COMPATIBILITY_VERSION = 1;
				DYLIB_CURRENT_VERSION = 1;
				DYLIB_INSTALL_NAME_BASE = "@rpath";
				INFOPLIST_FILE = HandySwiftUI.watchOS/Info.plist;
				INSTALL_PATH = "$(LOCAL_LIBRARY_DIR)/Frameworks";
				LD_RUNPATH_SEARCH_PATHS = (
					"$(inherited)",
					"@executable_path/Frameworks",
					"@loader_path/Frameworks",
				);
				PRODUCT_BUNDLE_IDENTIFIER = yip.antonio.HandySwiftUI.watchOS;
				PRODUCT_NAME = HandySwiftUI;
				SDKROOT = watchos;
				SKIP_INSTALL = YES;
				SWIFT_VERSION = 5.0;
				TARGETED_DEVICE_FAMILY = 4;
				WATCHOS_DEPLOYMENT_TARGET = 6.1;
			};
			name = Debug;
		};
		A4E43D9E247911EC0053416C /* Release */ = {
			isa = XCBuildConfiguration;
			buildSettings = {
				APPLICATION_EXTENSION_API_ONLY = NO;
				BUILD_LIBRARY_FOR_DISTRIBUTION = YES;
				CLANG_ENABLE_MODULES = YES;
				CODE_SIGN_STYLE = Automatic;
				DEFINES_MODULE = YES;
				DEVELOPMENT_TEAM = 3CWSQGN6ET;
				DYLIB_COMPATIBILITY_VERSION = 1;
				DYLIB_CURRENT_VERSION = 1;
				DYLIB_INSTALL_NAME_BASE = "@rpath";
				INFOPLIST_FILE = HandySwiftUI.watchOS/Info.plist;
				INSTALL_PATH = "$(LOCAL_LIBRARY_DIR)/Frameworks";
				LD_RUNPATH_SEARCH_PATHS = (
					"$(inherited)",
					"@executable_path/Frameworks",
					"@loader_path/Frameworks",
				);
				PRODUCT_BUNDLE_IDENTIFIER = yip.antonio.HandySwiftUI.watchOS;
				PRODUCT_NAME = HandySwiftUI;
				SDKROOT = watchos;
				SKIP_INSTALL = YES;
				SWIFT_VERSION = 5.0;
				TARGETED_DEVICE_FAMILY = 4;
				WATCHOS_DEPLOYMENT_TARGET = 6.1;
			};
			name = Release;
		};
		A4E43DAB247913D80053416C /* Debug */ = {
			isa = XCBuildConfiguration;
			buildSettings = {
				BUILD_LIBRARY_FOR_DISTRIBUTION = YES;
				CLANG_ENABLE_MODULES = YES;
				CODE_SIGN_STYLE = Automatic;
				DEFINES_MODULE = YES;
				DEVELOPMENT_TEAM = 3CWSQGN6ET;
				DYLIB_COMPATIBILITY_VERSION = 1;
				DYLIB_CURRENT_VERSION = 1;
				DYLIB_INSTALL_NAME_BASE = "@rpath";
				INFOPLIST_FILE = HandySwiftUI.tvOS/Info.plist;
				INSTALL_PATH = "$(LOCAL_LIBRARY_DIR)/Frameworks";
				LD_RUNPATH_SEARCH_PATHS = (
					"$(inherited)",
					"@executable_path/Frameworks",
					"@loader_path/Frameworks",
				);
				PRODUCT_BUNDLE_IDENTIFIER = yip.antonio.HandySwiftUI.tvOS;
				PRODUCT_NAME = HandySwiftUI;
				SDKROOT = appletvos;
				SKIP_INSTALL = YES;
				SWIFT_VERSION = 5.0;
				TARGETED_DEVICE_FAMILY = 3;
				TVOS_DEPLOYMENT_TARGET = 13.0;
			};
			name = Debug;
		};
		A4E43DAC247913D80053416C /* Release */ = {
			isa = XCBuildConfiguration;
			buildSettings = {
				BUILD_LIBRARY_FOR_DISTRIBUTION = YES;
				CLANG_ENABLE_MODULES = YES;
				CODE_SIGN_STYLE = Automatic;
				DEFINES_MODULE = YES;
				DEVELOPMENT_TEAM = 3CWSQGN6ET;
				DYLIB_COMPATIBILITY_VERSION = 1;
				DYLIB_CURRENT_VERSION = 1;
				DYLIB_INSTALL_NAME_BASE = "@rpath";
				INFOPLIST_FILE = HandySwiftUI.tvOS/Info.plist;
				INSTALL_PATH = "$(LOCAL_LIBRARY_DIR)/Frameworks";
				LD_RUNPATH_SEARCH_PATHS = (
					"$(inherited)",
					"@executable_path/Frameworks",
					"@loader_path/Frameworks",
				);
				PRODUCT_BUNDLE_IDENTIFIER = yip.antonio.HandySwiftUI.tvOS;
				PRODUCT_NAME = HandySwiftUI;
				SDKROOT = appletvos;
				SKIP_INSTALL = YES;
				SWIFT_VERSION = 5.0;
				TARGETED_DEVICE_FAMILY = 3;
				TVOS_DEPLOYMENT_TARGET = 13.0;
			};
			name = Release;
		};
/* End XCBuildConfiguration section */

/* Begin XCConfigurationList section */
		A43C30962478DE5000EE8F88 /* Build configuration list for PBXProject "HandySwiftUIFramework" */ = {
			isa = XCConfigurationList;
			buildConfigurations = (
				A43C30A22478DE5000EE8F88 /* Debug */,
				A43C30A32478DE5000EE8F88 /* Release */,
			);
			defaultConfigurationIsVisible = 0;
			defaultConfigurationName = Release;
		};
		A48B64E82478E6320072BF44 /* Build configuration list for PBXAggregateTarget "HandySwiftUI.xcframework" */ = {
			isa = XCConfigurationList;
			buildConfigurations = (
				A48B64E92478E6320072BF44 /* Debug */,
				A48B64EA2478E6320072BF44 /* Release */,
			);
			defaultConfigurationIsVisible = 0;
			defaultConfigurationName = Release;
		};
		A48B652A24790BEE0072BF44 /* Build configuration list for PBXNativeTarget "HandySwiftUI" */ = {
			isa = XCConfigurationList;
			buildConfigurations = (
				A48B652B24790BEE0072BF44 /* Debug */,
				A48B652C24790BEE0072BF44 /* Release */,
			);
			defaultConfigurationIsVisible = 0;
			defaultConfigurationName = Release;
		};
		A4E43D9C247911EC0053416C /* Build configuration list for PBXNativeTarget "HandySwiftUI.watchOS" */ = {
			isa = XCConfigurationList;
			buildConfigurations = (
				A4E43D9D247911EC0053416C /* Debug */,
				A4E43D9E247911EC0053416C /* Release */,
			);
			defaultConfigurationIsVisible = 0;
			defaultConfigurationName = Release;
		};
		A4E43DAA247913D80053416C /* Build configuration list for PBXNativeTarget "HandySwiftUI.tvOS" */ = {
			isa = XCConfigurationList;
			buildConfigurations = (
				A4E43DAB247913D80053416C /* Debug */,
				A4E43DAC247913D80053416C /* Release */,
			);
			defaultConfigurationIsVisible = 0;
			defaultConfigurationName = Release;
		};
/* End XCConfigurationList section */
	};
	rootObject = A43C30932478DE5000EE8F88 /* Project object */;
}
