// !$*UTF8*$!
{
	archiveVersion = 1;
	classes = {
	};
	objectVersion = 46;
	objects = {

/* Begin PBXAggregateTarget section */
		"HandySwiftUI::HandySwiftUIPackageTests::ProductTarget" /* HandySwiftUIPackageTests */ = {
			isa = PBXAggregateTarget;
			buildConfigurationList = OBJ_43 /* Build configuration list for PBXAggregateTarget "HandySwiftUIPackageTests" */;
			buildPhases = (
			);
			dependencies = (
				OBJ_46 /* PBXTargetDependency */,
			);
			name = HandySwiftUIPackageTests;
			productName = HandySwiftUIPackageTests;
		};
/* End PBXAggregateTarget section */

/* Begin PBXBuildFile section */
		A42A34CB247DE28100C235AA /* PageView.swift in Sources */ = {isa = PBXBuildFile; fileRef = A42A34CA247DE28100C235AA /* PageView.swift */; };
		A42A34CF247DE33900C235AA /* View+.swift in Sources */ = {isa = PBXBuildFile; fileRef = A42A34CE247DE33900C235AA /* View+.swift */; };
		A42A34D3247DE43200C235AA /* CustomToggleStyle.swift in Sources */ = {isa = PBXBuildFile; fileRef = A42A34D0247DE43200C235AA /* CustomToggleStyle.swift */; };
		A42A34D4247DE43200C235AA /* NavigationLinkModifier.swift in Sources */ = {isa = PBXBuildFile; fileRef = A42A34D1247DE43200C235AA /* NavigationLinkModifier.swift */; };
		A42A34D5247DE43200C235AA /* LazyView.swift in Sources */ = {isa = PBXBuildFile; fileRef = A42A34D2247DE43200C235AA /* LazyView.swift */; };
		OBJ_30 /* HGrid.swift in Sources */ = {isa = PBXBuildFile; fileRef = OBJ_11 /* HGrid.swift */; };
		OBJ_41 /* Package.swift in Sources */ = {isa = PBXBuildFile; fileRef = OBJ_6 /* Package.swift */; };
		OBJ_52 /* HandySwiftUITests.swift in Sources */ = {isa = PBXBuildFile; fileRef = OBJ_18 /* HandySwiftUITests.swift */; };
		OBJ_53 /* XCTestManifests.swift in Sources */ = {isa = PBXBuildFile; fileRef = OBJ_19 /* XCTestManifests.swift */; };
		OBJ_55 /* HandySwiftUI.framework in Frameworks */ = {isa = PBXBuildFile; fileRef = "HandySwiftUI::HandySwiftUI::Product" /* HandySwiftUI.framework */; };
/* End PBXBuildFile section */

/* Begin PBXContainerItemProxy section */
		A42A34C2247DDFF700C235AA /* PBXContainerItemProxy */ = {
			isa = PBXContainerItemProxy;
			containerPortal = OBJ_1 /* Project object */;
			proxyType = 1;
			remoteGlobalIDString = "HandySwiftUI::HandySwiftUI";
			remoteInfo = HandySwiftUI;
		};
		A42A34C3247DDFF800C235AA /* PBXContainerItemProxy */ = {
			isa = PBXContainerItemProxy;
			containerPortal = OBJ_1 /* Project object */;
			proxyType = 1;
			remoteGlobalIDString = "HandySwiftUI::HandySwiftUITests";
			remoteInfo = HandySwiftUITests;
		};
/* End PBXContainerItemProxy section */

/* Begin PBXFileReference section */
		A42A34CA247DE28100C235AA /* PageView.swift */ = {isa = PBXFileReference; lastKnownFileType = sourcecode.swift; path = PageView.swift; sourceTree = "<group>"; };
		A42A34CE247DE33900C235AA /* View+.swift */ = {isa = PBXFileReference; fileEncoding = 4; lastKnownFileType = sourcecode.swift; path = "View+.swift"; sourceTree = "<group>"; };
		A42A34D0247DE43200C235AA /* CustomToggleStyle.swift */ = {isa = PBXFileReference; fileEncoding = 4; lastKnownFileType = sourcecode.swift; path = CustomToggleStyle.swift; sourceTree = "<group>"; };
		A42A34D1247DE43200C235AA /* NavigationLinkModifier.swift */ = {isa = PBXFileReference; fileEncoding = 4; lastKnownFileType = sourcecode.swift; path = NavigationLinkModifier.swift; sourceTree = "<group>"; };
		A42A34D2247DE43200C235AA /* LazyView.swift */ = {isa = PBXFileReference; fileEncoding = 4; lastKnownFileType = sourcecode.swift; path = LazyView.swift; sourceTree = "<group>"; };
		"HandySwiftUI::HandySwiftUI::Product" /* HandySwiftUI.framework */ = {isa = PBXFileReference; lastKnownFileType = wrapper.framework; path = HandySwiftUI.framework; sourceTree = BUILT_PRODUCTS_DIR; };
		"HandySwiftUI::HandySwiftUITests::Product" /* HandySwiftUITests.xctest */ = {isa = PBXFileReference; lastKnownFileType = file; path = HandySwiftUITests.xctest; sourceTree = BUILT_PRODUCTS_DIR; };
		OBJ_11 /* HGrid.swift */ = {isa = PBXFileReference; lastKnownFileType = sourcecode.swift; path = HGrid.swift; sourceTree = "<group>"; };
		OBJ_18 /* HandySwiftUITests.swift */ = {isa = PBXFileReference; lastKnownFileType = sourcecode.swift; path = HandySwiftUITests.swift; sourceTree = "<group>"; };
		OBJ_19 /* XCTestManifests.swift */ = {isa = PBXFileReference; lastKnownFileType = sourcecode.swift; path = XCTestManifests.swift; sourceTree = "<group>"; };
		OBJ_6 /* Package.swift */ = {isa = PBXFileReference; explicitFileType = sourcecode.swift; path = Package.swift; sourceTree = "<group>"; };
/* End PBXFileReference section */

/* Begin PBXFrameworksBuildPhase section */
		OBJ_35 /* Frameworks */ = {
			isa = PBXFrameworksBuildPhase;
			buildActionMask = 0;
			files = (
			);
			runOnlyForDeploymentPostprocessing = 0;
		};
		OBJ_54 /* Frameworks */ = {
			isa = PBXFrameworksBuildPhase;
			buildActionMask = 0;
			files = (
				OBJ_55 /* HandySwiftUI.framework in Frameworks */,
			);
			runOnlyForDeploymentPostprocessing = 0;
		};
/* End PBXFrameworksBuildPhase section */

/* Begin PBXGroup section */
		OBJ_16 /* Tests */ = {
			isa = PBXGroup;
			children = (
				OBJ_17 /* HandySwiftUITests */,
			);
			name = Tests;
			sourceTree = SOURCE_ROOT;
		};
		OBJ_17 /* HandySwiftUITests */ = {
			isa = PBXGroup;
			children = (
				OBJ_18 /* HandySwiftUITests.swift */,
				OBJ_19 /* XCTestManifests.swift */,
			);
			name = HandySwiftUITests;
			path = Tests/HandySwiftUITests;
			sourceTree = SOURCE_ROOT;
		};
		OBJ_20 /* Products */ = {
			isa = PBXGroup;
			children = (
				"HandySwiftUI::HandySwiftUITests::Product" /* HandySwiftUITests.xctest */,
				"HandySwiftUI::HandySwiftUI::Product" /* HandySwiftUI.framework */,
			);
			name = Products;
			sourceTree = BUILT_PRODUCTS_DIR;
		};
		OBJ_5 /*  */ = {
			isa = PBXGroup;
			children = (
				OBJ_6 /* Package.swift */,
				OBJ_7 /* Sources */,
				OBJ_16 /* Tests */,
				OBJ_20 /* Products */,
			);
			name = "";
			sourceTree = "<group>";
		};
		OBJ_7 /* Sources */ = {
			isa = PBXGroup;
			children = (
				OBJ_8 /* HandySwiftUI */,
			);
			name = Sources;
			sourceTree = SOURCE_ROOT;
		};
		OBJ_8 /* HandySwiftUI */ = {
			isa = PBXGroup;
			children = (
				A42A34CE247DE33900C235AA /* View+.swift */,
				OBJ_11 /* HGrid.swift */,
				A42A34CA247DE28100C235AA /* PageView.swift */,
				A42A34D2247DE43200C235AA /* LazyView.swift */,
				A42A34D0247DE43200C235AA /* CustomToggleStyle.swift */,
				A42A34D1247DE43200C235AA /* NavigationLinkModifier.swift */,
			);
			name = HandySwiftUI;
			path = Sources/HandySwiftUI;
			sourceTree = SOURCE_ROOT;
		};
/* End PBXGroup section */

/* Begin PBXNativeTarget section */
		"HandySwiftUI::HandySwiftUI" /* HandySwiftUI */ = {
			isa = PBXNativeTarget;
			buildConfigurationList = OBJ_24 /* Build configuration list for PBXNativeTarget "HandySwiftUI" */;
			buildPhases = (
				OBJ_27 /* Sources */,
				OBJ_35 /* Frameworks */,
			);
			buildRules = (
			);
			dependencies = (
			);
			name = HandySwiftUI;
			productName = HandySwiftUI;
			productReference = "HandySwiftUI::HandySwiftUI::Product" /* HandySwiftUI.framework */;
			productType = "com.apple.product-type.framework";
		};
		"HandySwiftUI::HandySwiftUITests" /* HandySwiftUITests */ = {
			isa = PBXNativeTarget;
			buildConfigurationList = OBJ_48 /* Build configuration list for PBXNativeTarget "HandySwiftUITests" */;
			buildPhases = (
				OBJ_51 /* Sources */,
				OBJ_54 /* Frameworks */,
			);
			buildRules = (
			);
			dependencies = (
				OBJ_56 /* PBXTargetDependency */,
			);
			name = HandySwiftUITests;
			productName = HandySwiftUITests;
			productReference = "HandySwiftUI::HandySwiftUITests::Product" /* HandySwiftUITests.xctest */;
			productType = "com.apple.product-type.bundle.unit-test";
		};
		"HandySwiftUI::SwiftPMPackageDescription" /* HandySwiftUIPackageDescription */ = {
			isa = PBXNativeTarget;
			buildConfigurationList = OBJ_37 /* Build configuration list for PBXNativeTarget "HandySwiftUIPackageDescription" */;
			buildPhases = (
				OBJ_40 /* Sources */,
			);
			buildRules = (
			);
			dependencies = (
			);
			name = HandySwiftUIPackageDescription;
			productName = HandySwiftUIPackageDescription;
			productType = "com.apple.product-type.framework";
		};
/* End PBXNativeTarget section */

/* Begin PBXProject section */
		OBJ_1 /* Project object */ = {
			isa = PBXProject;
			attributes = {
				LastSwiftMigration = 9999;
				LastUpgradeCheck = 9999;
			};
			buildConfigurationList = OBJ_2 /* Build configuration list for PBXProject "HandySwiftUI" */;
			compatibilityVersion = "Xcode 3.2";
			developmentRegion = en;
			hasScannedForEncodings = 0;
			knownRegions = (
				en,
			);
			mainGroup = OBJ_5 /*  */;
			productRefGroup = OBJ_20 /* Products */;
			projectDirPath = "";
			projectRoot = "";
			targets = (
				"HandySwiftUI::HandySwiftUI" /* HandySwiftUI */,
				"HandySwiftUI::SwiftPMPackageDescription" /* HandySwiftUIPackageDescription */,
				"HandySwiftUI::HandySwiftUIPackageTests::ProductTarget" /* HandySwiftUIPackageTests */,
				"HandySwiftUI::HandySwiftUITests" /* HandySwiftUITests */,
			);
		};
/* End PBXProject section */

/* Begin PBXSourcesBuildPhase section */
		OBJ_27 /* Sources */ = {
			isa = PBXSourcesBuildPhase;
			buildActionMask = 0;
			files = (
				A42A34D5247DE43200C235AA /* LazyView.swift in Sources */,
				A42A34D3247DE43200C235AA /* CustomToggleStyle.swift in Sources */,
				A42A34CB247DE28100C235AA /* PageView.swift in Sources */,
				A42A34CF247DE33900C235AA /* View+.swift in Sources */,
				OBJ_30 /* HGrid.swift in Sources */,
				A42A34D4247DE43200C235AA /* NavigationLinkModifier.swift in Sources */,
			);
			runOnlyForDeploymentPostprocessing = 0;
		};
		OBJ_40 /* Sources */ = {
			isa = PBXSourcesBuildPhase;
			buildActionMask = 0;
			files = (
				OBJ_41 /* Package.swift in Sources */,
			);
			runOnlyForDeploymentPostprocessing = 0;
		};
		OBJ_51 /* Sources */ = {
			isa = PBXSourcesBuildPhase;
			buildActionMask = 0;
			files = (
				OBJ_52 /* HandySwiftUITests.swift in Sources */,
				OBJ_53 /* XCTestManifests.swift in Sources */,
			);
			runOnlyForDeploymentPostprocessing = 0;
		};
/* End PBXSourcesBuildPhase section */

/* Begin PBXTargetDependency section */
		OBJ_46 /* PBXTargetDependency */ = {
			isa = PBXTargetDependency;
			target = "HandySwiftUI::HandySwiftUITests" /* HandySwiftUITests */;
			targetProxy = A42A34C3247DDFF800C235AA /* PBXContainerItemProxy */;
		};
		OBJ_56 /* PBXTargetDependency */ = {
			isa = PBXTargetDependency;
			target = "HandySwiftUI::HandySwiftUI" /* HandySwiftUI */;
			targetProxy = A42A34C2247DDFF700C235AA /* PBXContainerItemProxy */;
		};
/* End PBXTargetDependency section */

/* Begin XCBuildConfiguration section */
		OBJ_25 /* Debug */ = {
			isa = XCBuildConfiguration;
			buildSettings = {
				ENABLE_TESTABILITY = YES;
				FRAMEWORK_SEARCH_PATHS = (
					"$(inherited)",
					"$(PLATFORM_DIR)/Developer/Library/Frameworks",
				);
				HEADER_SEARCH_PATHS = "$(inherited)";
				INFOPLIST_FILE = HandySwiftUI.xcodeproj/HandySwiftUI_Info.plist;
				IPHONEOS_DEPLOYMENT_TARGET = 13.0;
				LD_RUNPATH_SEARCH_PATHS = "$(inherited) $(TOOLCHAIN_DIR)/usr/lib/swift/macosx";
				MACOSX_DEPLOYMENT_TARGET = 10.15;
				OTHER_CFLAGS = "$(inherited)";
				OTHER_LDFLAGS = "$(inherited)";
				OTHER_SWIFT_FLAGS = "$(inherited)";
				PRODUCT_BUNDLE_IDENTIFIER = HandySwiftUI;
				PRODUCT_MODULE_NAME = "$(TARGET_NAME:c99extidentifier)";
				PRODUCT_NAME = "$(TARGET_NAME:c99extidentifier)";
				SKIP_INSTALL = YES;
				SWIFT_ACTIVE_COMPILATION_CONDITIONS = "$(inherited)";
				SWIFT_VERSION = 5.0;
				TARGET_NAME = HandySwiftUI;
				TVOS_DEPLOYMENT_TARGET = 13.0;
				WATCHOS_DEPLOYMENT_TARGET = 6.0;
			};
			name = Debug;
		};
		OBJ_26 /* Release */ = {
			isa = XCBuildConfiguration;
			buildSettings = {
				ENABLE_TESTABILITY = YES;
				FRAMEWORK_SEARCH_PATHS = (
					"$(inherited)",
					"$(PLATFORM_DIR)/Developer/Library/Frameworks",
				);
				HEADER_SEARCH_PATHS = "$(inherited)";
				INFOPLIST_FILE = HandySwiftUI.xcodeproj/HandySwiftUI_Info.plist;
				IPHONEOS_DEPLOYMENT_TARGET = 13.0;
				LD_RUNPATH_SEARCH_PATHS = "$(inherited) $(TOOLCHAIN_DIR)/usr/lib/swift/macosx";
				MACOSX_DEPLOYMENT_TARGET = 10.15;
				OTHER_CFLAGS = "$(inherited)";
				OTHER_LDFLAGS = "$(inherited)";
				OTHER_SWIFT_FLAGS = "$(inherited)";
				PRODUCT_BUNDLE_IDENTIFIER = HandySwiftUI;
				PRODUCT_MODULE_NAME = "$(TARGET_NAME:c99extidentifier)";
				PRODUCT_NAME = "$(TARGET_NAME:c99extidentifier)";
				SKIP_INSTALL = YES;
				SWIFT_ACTIVE_COMPILATION_CONDITIONS = "$(inherited)";
				SWIFT_VERSION = 5.0;
				TARGET_NAME = HandySwiftUI;
				TVOS_DEPLOYMENT_TARGET = 13.0;
				WATCHOS_DEPLOYMENT_TARGET = 6.0;
			};
			name = Release;
		};
		OBJ_3 /* Debug */ = {
			isa = XCBuildConfiguration;
			buildSettings = {
				CLANG_ENABLE_OBJC_ARC = YES;
				COMBINE_HIDPI_IMAGES = YES;
				COPY_PHASE_STRIP = NO;
				DEBUG_INFORMATION_FORMAT = dwarf;
				DYLIB_INSTALL_NAME_BASE = "@rpath";
				ENABLE_NS_ASSERTIONS = YES;
				GCC_OPTIMIZATION_LEVEL = 0;
				GCC_PREPROCESSOR_DEFINITIONS = (
					"$(inherited)",
					"SWIFT_PACKAGE=1",
					"DEBUG=1",
				);
				MACOSX_DEPLOYMENT_TARGET = 10.10;
				ONLY_ACTIVE_ARCH = YES;
				OTHER_SWIFT_FLAGS = "$(inherited) -DXcode";
				PRODUCT_NAME = "$(TARGET_NAME)";
				SDKROOT = macosx;
				SUPPORTED_PLATFORMS = "macosx iphoneos iphonesimulator appletvos appletvsimulator watchos watchsimulator";
				SWIFT_ACTIVE_COMPILATION_CONDITIONS = "$(inherited) SWIFT_PACKAGE DEBUG";
				SWIFT_OPTIMIZATION_LEVEL = "-Onone";
				USE_HEADERMAP = NO;
			};
			name = Debug;
		};
		OBJ_38 /* Debug */ = {
			isa = XCBuildConfiguration;
			buildSettings = {
				LD = /usr/bin/true;
				OTHER_SWIFT_FLAGS = "-swift-version 5 -I $(TOOLCHAIN_DIR)/usr/lib/swift/pm/4_2 -target x86_64-apple-macosx10.10 -sdk /Applications/Xcode.app/Contents/Developer/Platforms/MacOSX.platform/Developer/SDKs/MacOSX10.15.sdk -package-description-version 5.2.0";
				SWIFT_VERSION = 5.0;
			};
			name = Debug;
		};
		OBJ_39 /* Release */ = {
			isa = XCBuildConfiguration;
			buildSettings = {
				LD = /usr/bin/true;
				OTHER_SWIFT_FLAGS = "-swift-version 5 -I $(TOOLCHAIN_DIR)/usr/lib/swift/pm/4_2 -target x86_64-apple-macosx10.10 -sdk /Applications/Xcode.app/Contents/Developer/Platforms/MacOSX.platform/Developer/SDKs/MacOSX10.15.sdk -package-description-version 5.2.0";
				SWIFT_VERSION = 5.0;
			};
			name = Release;
		};
		OBJ_4 /* Release */ = {
			isa = XCBuildConfiguration;
			buildSettings = {
				CLANG_ENABLE_OBJC_ARC = YES;
				COMBINE_HIDPI_IMAGES = YES;
				COPY_PHASE_STRIP = YES;
				DEBUG_INFORMATION_FORMAT = "dwarf-with-dsym";
				DYLIB_INSTALL_NAME_BASE = "@rpath";
				GCC_OPTIMIZATION_LEVEL = s;
				GCC_PREPROCESSOR_DEFINITIONS = (
					"$(inherited)",
					"SWIFT_PACKAGE=1",
				);
				MACOSX_DEPLOYMENT_TARGET = 10.10;
				OTHER_SWIFT_FLAGS = "$(inherited) -DXcode";
				PRODUCT_NAME = "$(TARGET_NAME)";
				SDKROOT = macosx;
				SUPPORTED_PLATFORMS = "macosx iphoneos iphonesimulator appletvos appletvsimulator watchos watchsimulator";
				SWIFT_ACTIVE_COMPILATION_CONDITIONS = "$(inherited) SWIFT_PACKAGE";
				SWIFT_OPTIMIZATION_LEVEL = "-Owholemodule";
				USE_HEADERMAP = NO;
			};
			name = Release;
		};
		OBJ_44 /* Debug */ = {
			isa = XCBuildConfiguration;
			buildSettings = {
			};
			name = Debug;
		};
		OBJ_45 /* Release */ = {
			isa = XCBuildConfiguration;
			buildSettings = {
			};
			name = Release;
		};
		OBJ_49 /* Debug */ = {
			isa = XCBuildConfiguration;
			buildSettings = {
				CLANG_ENABLE_MODULES = YES;
				EMBEDDED_CONTENT_CONTAINS_SWIFT = YES;
				FRAMEWORK_SEARCH_PATHS = (
					"$(inherited)",
					"$(PLATFORM_DIR)/Developer/Library/Frameworks",
				);
				HEADER_SEARCH_PATHS = "$(inherited)";
				INFOPLIST_FILE = HandySwiftUI.xcodeproj/HandySwiftUITests_Info.plist;
				IPHONEOS_DEPLOYMENT_TARGET = 13.0;
				LD_RUNPATH_SEARCH_PATHS = "$(inherited) @loader_path/../Frameworks @loader_path/Frameworks";
				MACOSX_DEPLOYMENT_TARGET = 10.15;
				OTHER_CFLAGS = "$(inherited)";
				OTHER_LDFLAGS = "$(inherited)";
				OTHER_SWIFT_FLAGS = "$(inherited)";
				SWIFT_ACTIVE_COMPILATION_CONDITIONS = "$(inherited)";
				SWIFT_VERSION = 5.0;
				TARGET_NAME = HandySwiftUITests;
				TVOS_DEPLOYMENT_TARGET = 13.0;
				WATCHOS_DEPLOYMENT_TARGET = 6.0;
			};
			name = Debug;
		};
		OBJ_50 /* Release */ = {
			isa = XCBuildConfiguration;
			buildSettings = {
				CLANG_ENABLE_MODULES = YES;
				EMBEDDED_CONTENT_CONTAINS_SWIFT = YES;
				FRAMEWORK_SEARCH_PATHS = (
					"$(inherited)",
					"$(PLATFORM_DIR)/Developer/Library/Frameworks",
				);
				HEADER_SEARCH_PATHS = "$(inherited)";
				INFOPLIST_FILE = HandySwiftUI.xcodeproj/HandySwiftUITests_Info.plist;
				IPHONEOS_DEPLOYMENT_TARGET = 13.0;
				LD_RUNPATH_SEARCH_PATHS = "$(inherited) @loader_path/../Frameworks @loader_path/Frameworks";
				MACOSX_DEPLOYMENT_TARGET = 10.15;
				OTHER_CFLAGS = "$(inherited)";
				OTHER_LDFLAGS = "$(inherited)";
				OTHER_SWIFT_FLAGS = "$(inherited)";
				SWIFT_ACTIVE_COMPILATION_CONDITIONS = "$(inherited)";
				SWIFT_VERSION = 5.0;
				TARGET_NAME = HandySwiftUITests;
				TVOS_DEPLOYMENT_TARGET = 13.0;
				WATCHOS_DEPLOYMENT_TARGET = 6.0;
			};
			name = Release;
		};
/* End XCBuildConfiguration section */

/* Begin XCConfigurationList section */
		OBJ_2 /* Build configuration list for PBXProject "HandySwiftUI" */ = {
			isa = XCConfigurationList;
			buildConfigurations = (
				OBJ_3 /* Debug */,
				OBJ_4 /* Release */,
			);
			defaultConfigurationIsVisible = 0;
			defaultConfigurationName = Release;
		};
		OBJ_24 /* Build configuration list for PBXNativeTarget "HandySwiftUI" */ = {
			isa = XCConfigurationList;
			buildConfigurations = (
				OBJ_25 /* Debug */,
				OBJ_26 /* Release */,
			);
			defaultConfigurationIsVisible = 0;
			defaultConfigurationName = Release;
		};
		OBJ_37 /* Build configuration list for PBXNativeTarget "HandySwiftUIPackageDescription" */ = {
			isa = XCConfigurationList;
			buildConfigurations = (
				OBJ_38 /* Debug */,
				OBJ_39 /* Release */,
			);
			defaultConfigurationIsVisible = 0;
			defaultConfigurationName = Release;
		};
		OBJ_43 /* Build configuration list for PBXAggregateTarget "HandySwiftUIPackageTests" */ = {
			isa = XCConfigurationList;
			buildConfigurations = (
				OBJ_44 /* Debug */,
				OBJ_45 /* Release */,
			);
			defaultConfigurationIsVisible = 0;
			defaultConfigurationName = Release;
		};
		OBJ_48 /* Build configuration list for PBXNativeTarget "HandySwiftUITests" */ = {
			isa = XCConfigurationList;
			buildConfigurations = (
				OBJ_49 /* Debug */,
				OBJ_50 /* Release */,
			);
			defaultConfigurationIsVisible = 0;
			defaultConfigurationName = Release;
		};
/* End XCConfigurationList section */
	};
	rootObject = OBJ_1 /* Project object */;
}
